// !$*UTF8*$!
{
	archiveVersion = 1;
	classes = {
	};
	objectVersion = 56;
	objects = {

/* Begin PBXBuildFile section */
		2D69A9442C02838C00AD5D0E /* SpamCategory.swift in Sources */ = {isa = PBXBuildFile; fileRef = 2D69A9432C02838C00AD5D0E /* SpamCategory.swift */; };
		2D69A9462C03715500AD5D0E /* CarrierDndLinksView.swift in Sources */ = {isa = PBXBuildFile; fileRef = 2D69A9452C03715500AD5D0E /* CarrierDndLinksView.swift */; };
		2DD3AB392C01B603000902AA /* DoNotDisturbApp.swift in Sources */ = {isa = PBXBuildFile; fileRef = 2DD3AB382C01B603000902AA /* DoNotDisturbApp.swift */; };
		2DD3AB3B2C01B603000902AA /* ContentView.swift in Sources */ = {isa = PBXBuildFile; fileRef = 2DD3AB3A2C01B603000902AA /* ContentView.swift */; };
		2DD3AB3D2C01B604000902AA /* Assets.xcassets in Resources */ = {isa = PBXBuildFile; fileRef = 2DD3AB3C2C01B604000902AA /* Assets.xcassets */; };
		2DD3AB402C01B604000902AA /* Preview Assets.xcassets in Resources */ = {isa = PBXBuildFile; fileRef = 2DD3AB3F2C01B604000902AA /* Preview Assets.xcassets */; };
		2DD3AB4D2C01B6AD000902AA /* UnwantedCommunicationReportingExtension.swift in Sources */ = {isa = PBXBuildFile; fileRef = 2DD3AB4C2C01B6AD000902AA /* UnwantedCommunicationReportingExtension.swift */; };
		2DD3AB502C01B6AD000902AA /* Base in Resources */ = {isa = PBXBuildFile; fileRef = 2DD3AB4F2C01B6AD000902AA /* Base */; };
		2DD3AB542C01B6AD000902AA /* Do not disturb Extension.appex in Embed Foundation Extensions */ = {isa = PBXBuildFile; fileRef = 2DD3AB4A2C01B6AD000902AA /* Do not disturb Extension.appex */; settings = {ATTRIBUTES = (RemoveHeadersOnCopy, ); }; };
		2DD3AB592C01F00B000902AA /* MainInterface.storyboard in Resources */ = {isa = PBXBuildFile; fileRef = 2DD3AB4E2C01B6AD000902AA /* MainInterface.storyboard */; };
		2DD3AB5B2C0211A1000902AA /* DndRegistrationView.swift in Sources */ = {isa = PBXBuildFile; fileRef = 2DD3AB5A2C0211A1000902AA /* DndRegistrationView.swift */; };
/* End PBXBuildFile section */

/* Begin PBXContainerItemProxy section */
		2DD3AB522C01B6AD000902AA /* PBXContainerItemProxy */ = {
			isa = PBXContainerItemProxy;
			containerPortal = 2DD3AB2D2C01B603000902AA /* Project object */;
			proxyType = 1;
			remoteGlobalIDString = 2DD3AB492C01B6AD000902AA;
			remoteInfo = "Junk Report Extension";
		};
/* End PBXContainerItemProxy section */

/* Begin PBXCopyFilesBuildPhase section */
		2DD3AB582C01B6AD000902AA /* Embed Foundation Extensions */ = {
			isa = PBXCopyFilesBuildPhase;
			buildActionMask = 2147483647;
			dstPath = "";
			dstSubfolderSpec = 13;
			files = (
				2DD3AB542C01B6AD000902AA /* Do not disturb Extension.appex in Embed Foundation Extensions */,
			);
			name = "Embed Foundation Extensions";
			runOnlyForDeploymentPostprocessing = 0;
		};
/* End PBXCopyFilesBuildPhase section */

/* Begin PBXFileReference section */
		2D69A9432C02838C00AD5D0E /* SpamCategory.swift */ = {isa = PBXFileReference; lastKnownFileType = sourcecode.swift; path = SpamCategory.swift; sourceTree = "<group>"; };
		2D69A9452C03715500AD5D0E /* CarrierDndLinksView.swift */ = {isa = PBXFileReference; lastKnownFileType = sourcecode.swift; path = CarrierDndLinksView.swift; sourceTree = "<group>"; };
		2DD3AB352C01B603000902AA /* Do not disturb.app */ = {isa = PBXFileReference; explicitFileType = wrapper.application; includeInIndex = 0; path = "Do not disturb.app"; sourceTree = BUILT_PRODUCTS_DIR; };
		2DD3AB382C01B603000902AA /* DoNotDisturbApp.swift */ = {isa = PBXFileReference; lastKnownFileType = sourcecode.swift; path = DoNotDisturbApp.swift; sourceTree = "<group>"; };
		2DD3AB3A2C01B603000902AA /* ContentView.swift */ = {isa = PBXFileReference; lastKnownFileType = sourcecode.swift; path = ContentView.swift; sourceTree = "<group>"; };
		2DD3AB3C2C01B604000902AA /* Assets.xcassets */ = {isa = PBXFileReference; lastKnownFileType = folder.assetcatalog; path = Assets.xcassets; sourceTree = "<group>"; };
		2DD3AB3F2C01B604000902AA /* Preview Assets.xcassets */ = {isa = PBXFileReference; lastKnownFileType = folder.assetcatalog; path = "Preview Assets.xcassets"; sourceTree = "<group>"; };
		2DD3AB4A2C01B6AD000902AA /* Do not disturb Extension.appex */ = {isa = PBXFileReference; explicitFileType = "wrapper.app-extension"; includeInIndex = 0; path = "Do not disturb Extension.appex"; sourceTree = BUILT_PRODUCTS_DIR; };
		2DD3AB4C2C01B6AD000902AA /* UnwantedCommunicationReportingExtension.swift */ = {isa = PBXFileReference; lastKnownFileType = sourcecode.swift; path = UnwantedCommunicationReportingExtension.swift; sourceTree = "<group>"; };
		2DD3AB4F2C01B6AD000902AA /* Base */ = {isa = PBXFileReference; lastKnownFileType = file.storyboard; name = Base; path = Base.lproj/MainInterface.storyboard; sourceTree = "<group>"; };
		2DD3AB512C01B6AD000902AA /* Info.plist */ = {isa = PBXFileReference; lastKnownFileType = text.plist.xml; path = Info.plist; sourceTree = "<group>"; };
		2DD3AB5A2C0211A1000902AA /* DndRegistrationView.swift */ = {isa = PBXFileReference; lastKnownFileType = sourcecode.swift; path = DndRegistrationView.swift; sourceTree = "<group>"; };
/* End PBXFileReference section */

/* Begin PBXFrameworksBuildPhase section */
		2DD3AB322C01B603000902AA /* Frameworks */ = {
			isa = PBXFrameworksBuildPhase;
			buildActionMask = 2147483647;
			files = (
			);
			runOnlyForDeploymentPostprocessing = 0;
		};
		2DD3AB472C01B6AD000902AA /* Frameworks */ = {
			isa = PBXFrameworksBuildPhase;
			buildActionMask = 2147483647;
			files = (
			);
			runOnlyForDeploymentPostprocessing = 0;
		};
/* End PBXFrameworksBuildPhase section */

/* Begin PBXGroup section */
		2DD3AB2C2C01B603000902AA = {
			isa = PBXGroup;
			children = (
				2DD3AB372C01B603000902AA /* Do not disturb */,
				2DD3AB4B2C01B6AD000902AA /* Do not disturb Extension */,
				2DD3AB362C01B603000902AA /* Products */,
			);
			sourceTree = "<group>";
		};
		2DD3AB362C01B603000902AA /* Products */ = {
			isa = PBXGroup;
			children = (
				2DD3AB352C01B603000902AA /* Do not disturb.app */,
				2DD3AB4A2C01B6AD000902AA /* Do not disturb Extension.appex */,
			);
			name = Products;
			sourceTree = "<group>";
		};
		2DD3AB372C01B603000902AA /* Do not disturb */ = {
			isa = PBXGroup;
			children = (
				2DD3AB382C01B603000902AA /* DoNotDisturbApp.swift */,
				2DD3AB3A2C01B603000902AA /* ContentView.swift */,
				2DD3AB3C2C01B604000902AA /* Assets.xcassets */,
				2DD3AB3E2C01B604000902AA /* Preview Content */,
				2DD3AB5A2C0211A1000902AA /* DndRegistrationView.swift */,
				2D69A9452C03715500AD5D0E /* CarrierDndLinksView.swift */,
			);
			path = "Do not disturb";
			sourceTree = "<group>";
		};
		2DD3AB3E2C01B604000902AA /* Preview Content */ = {
			isa = PBXGroup;
			children = (
				2DD3AB3F2C01B604000902AA /* Preview Assets.xcassets */,
			);
			path = "Preview Content";
			sourceTree = "<group>";
		};
		2DD3AB4B2C01B6AD000902AA /* Do not disturb Extension */ = {
			isa = PBXGroup;
			children = (
				2DD3AB4C2C01B6AD000902AA /* UnwantedCommunicationReportingExtension.swift */,
				2DD3AB4E2C01B6AD000902AA /* MainInterface.storyboard */,
				2DD3AB512C01B6AD000902AA /* Info.plist */,
				2D69A9432C02838C00AD5D0E /* SpamCategory.swift */,
			);
			path = "Do not disturb Extension";
			sourceTree = "<group>";
		};
/* End PBXGroup section */

/* Begin PBXNativeTarget section */
		2DD3AB342C01B603000902AA /* Do not disturb */ = {
			isa = PBXNativeTarget;
			buildConfigurationList = 2DD3AB432C01B604000902AA /* Build configuration list for PBXNativeTarget "Do not disturb" */;
			buildPhases = (
				2DD3AB312C01B603000902AA /* Sources */,
				2DD3AB322C01B603000902AA /* Frameworks */,
				2DD3AB332C01B603000902AA /* Resources */,
				2DD3AB582C01B6AD000902AA /* Embed Foundation Extensions */,
			);
			buildRules = (
			);
			dependencies = (
				2DD3AB532C01B6AD000902AA /* PBXTargetDependency */,
			);
			name = "Do not disturb";
			productName = "Junk Report";
			productReference = 2DD3AB352C01B603000902AA /* Do not disturb.app */;
			productType = "com.apple.product-type.application";
		};
		2DD3AB492C01B6AD000902AA /* Do not disturb Extension */ = {
			isa = PBXNativeTarget;
			buildConfigurationList = 2DD3AB552C01B6AD000902AA /* Build configuration list for PBXNativeTarget "Do not disturb Extension" */;
			buildPhases = (
				2DD3AB462C01B6AD000902AA /* Sources */,
				2DD3AB472C01B6AD000902AA /* Frameworks */,
				2DD3AB482C01B6AD000902AA /* Resources */,
			);
			buildRules = (
			);
			dependencies = (
			);
			name = "Do not disturb Extension";
			productName = "Junk Report Extension";
			productReference = 2DD3AB4A2C01B6AD000902AA /* Do not disturb Extension.appex */;
			productType = "com.apple.product-type.app-extension";
		};
/* End PBXNativeTarget section */

/* Begin PBXProject section */
		2DD3AB2D2C01B603000902AA /* Project object */ = {
			isa = PBXProject;
			attributes = {
				BuildIndependentTargetsInParallel = 1;
				LastSwiftUpdateCheck = 1530;
				LastUpgradeCheck = 1530;
				TargetAttributes = {
					2DD3AB342C01B603000902AA = {
						CreatedOnToolsVersion = 15.3;
					};
					2DD3AB492C01B6AD000902AA = {
						CreatedOnToolsVersion = 15.3;
					};
				};
			};
			buildConfigurationList = 2DD3AB302C01B603000902AA /* Build configuration list for PBXProject "Do not disturb" */;
			compatibilityVersion = "Xcode 14.0";
			developmentRegion = en;
			hasScannedForEncodings = 0;
			knownRegions = (
				en,
				Base,
			);
			mainGroup = 2DD3AB2C2C01B603000902AA;
			productRefGroup = 2DD3AB362C01B603000902AA /* Products */;
			projectDirPath = "";
			projectRoot = "";
			targets = (
				2DD3AB342C01B603000902AA /* Do not disturb */,
				2DD3AB492C01B6AD000902AA /* Do not disturb Extension */,
			);
		};
/* End PBXProject section */

/* Begin PBXResourcesBuildPhase section */
		2DD3AB332C01B603000902AA /* Resources */ = {
			isa = PBXResourcesBuildPhase;
			buildActionMask = 2147483647;
			files = (
				2DD3AB402C01B604000902AA /* Preview Assets.xcassets in Resources */,
				2DD3AB3D2C01B604000902AA /* Assets.xcassets in Resources */,
			);
			runOnlyForDeploymentPostprocessing = 0;
		};
		2DD3AB482C01B6AD000902AA /* Resources */ = {
			isa = PBXResourcesBuildPhase;
			buildActionMask = 2147483647;
			files = (
				2DD3AB502C01B6AD000902AA /* Base in Resources */,
				2DD3AB592C01F00B000902AA /* MainInterface.storyboard in Resources */,
			);
			runOnlyForDeploymentPostprocessing = 0;
		};
/* End PBXResourcesBuildPhase section */

/* Begin PBXSourcesBuildPhase section */
		2DD3AB312C01B603000902AA /* Sources */ = {
			isa = PBXSourcesBuildPhase;
			buildActionMask = 2147483647;
			files = (
				2DD3AB3B2C01B603000902AA /* ContentView.swift in Sources */,
				2DD3AB392C01B603000902AA /* DoNotDisturbApp.swift in Sources */,
				2D69A9462C03715500AD5D0E /* CarrierDndLinksView.swift in Sources */,
				2DD3AB5B2C0211A1000902AA /* DndRegistrationView.swift in Sources */,
			);
			runOnlyForDeploymentPostprocessing = 0;
		};
		2DD3AB462C01B6AD000902AA /* Sources */ = {
			isa = PBXSourcesBuildPhase;
			buildActionMask = 2147483647;
			files = (
				2D69A9442C02838C00AD5D0E /* SpamCategory.swift in Sources */,
				2DD3AB4D2C01B6AD000902AA /* UnwantedCommunicationReportingExtension.swift in Sources */,
			);
			runOnlyForDeploymentPostprocessing = 0;
		};
/* End PBXSourcesBuildPhase section */

/* Begin PBXTargetDependency section */
		2DD3AB532C01B6AD000902AA /* PBXTargetDependency */ = {
			isa = PBXTargetDependency;
			target = 2DD3AB492C01B6AD000902AA /* Do not disturb Extension */;
			targetProxy = 2DD3AB522C01B6AD000902AA /* PBXContainerItemProxy */;
		};
/* End PBXTargetDependency section */

/* Begin PBXVariantGroup section */
		2DD3AB4E2C01B6AD000902AA /* MainInterface.storyboard */ = {
			isa = PBXVariantGroup;
			children = (
				2DD3AB4F2C01B6AD000902AA /* Base */,
			);
			name = MainInterface.storyboard;
			sourceTree = "<group>";
		};
/* End PBXVariantGroup section */

/* Begin XCBuildConfiguration section */
		2DD3AB412C01B604000902AA /* Debug */ = {
			isa = XCBuildConfiguration;
			buildSettings = {
				ALWAYS_SEARCH_USER_PATHS = NO;
				ASSETCATALOG_COMPILER_GENERATE_SWIFT_ASSET_SYMBOL_EXTENSIONS = YES;
				CLANG_ANALYZER_NONNULL = YES;
				CLANG_ANALYZER_NUMBER_OBJECT_CONVERSION = YES_AGGRESSIVE;
				CLANG_CXX_LANGUAGE_STANDARD = "gnu++20";
				CLANG_ENABLE_MODULES = YES;
				CLANG_ENABLE_OBJC_ARC = YES;
				CLANG_ENABLE_OBJC_WEAK = YES;
				CLANG_WARN_BLOCK_CAPTURE_AUTORELEASING = YES;
				CLANG_WARN_BOOL_CONVERSION = YES;
				CLANG_WARN_COMMA = YES;
				CLANG_WARN_CONSTANT_CONVERSION = YES;
				CLANG_WARN_DEPRECATED_OBJC_IMPLEMENTATIONS = YES;
				CLANG_WARN_DIRECT_OBJC_ISA_USAGE = YES_ERROR;
				CLANG_WARN_DOCUMENTATION_COMMENTS = YES;
				CLANG_WARN_EMPTY_BODY = YES;
				CLANG_WARN_ENUM_CONVERSION = YES;
				CLANG_WARN_INFINITE_RECURSION = YES;
				CLANG_WARN_INT_CONVERSION = YES;
				CLANG_WARN_NON_LITERAL_NULL_CONVERSION = YES;
				CLANG_WARN_OBJC_IMPLICIT_RETAIN_SELF = YES;
				CLANG_WARN_OBJC_LITERAL_CONVERSION = YES;
				CLANG_WARN_OBJC_ROOT_CLASS = YES_ERROR;
				CLANG_WARN_QUOTED_INCLUDE_IN_FRAMEWORK_HEADER = YES;
				CLANG_WARN_RANGE_LOOP_ANALYSIS = YES;
				CLANG_WARN_STRICT_PROTOTYPES = YES;
				CLANG_WARN_SUSPICIOUS_MOVE = YES;
				CLANG_WARN_UNGUARDED_AVAILABILITY = YES_AGGRESSIVE;
				CLANG_WARN_UNREACHABLE_CODE = YES;
				CLANG_WARN__DUPLICATE_METHOD_MATCH = YES;
				COPY_PHASE_STRIP = NO;
				DEBUG_INFORMATION_FORMAT = dwarf;
				ENABLE_STRICT_OBJC_MSGSEND = YES;
				ENABLE_TESTABILITY = YES;
				ENABLE_USER_SCRIPT_SANDBOXING = YES;
				GCC_C_LANGUAGE_STANDARD = gnu17;
				GCC_DYNAMIC_NO_PIC = NO;
				GCC_NO_COMMON_BLOCKS = YES;
				GCC_OPTIMIZATION_LEVEL = 0;
				GCC_PREPROCESSOR_DEFINITIONS = (
					"DEBUG=1",
					"$(inherited)",
				);
				GCC_WARN_64_TO_32_BIT_CONVERSION = YES;
				GCC_WARN_ABOUT_RETURN_TYPE = YES_ERROR;
				GCC_WARN_UNDECLARED_SELECTOR = YES;
				GCC_WARN_UNINITIALIZED_AUTOS = YES_AGGRESSIVE;
				GCC_WARN_UNUSED_FUNCTION = YES;
				GCC_WARN_UNUSED_VARIABLE = YES;
				IPHONEOS_DEPLOYMENT_TARGET = 16.0;
				LOCALIZATION_PREFERS_STRING_CATALOGS = YES;
				MTL_ENABLE_DEBUG_INFO = INCLUDE_SOURCE;
				MTL_FAST_MATH = YES;
				ONLY_ACTIVE_ARCH = YES;
				SDKROOT = iphoneos;
				SWIFT_ACTIVE_COMPILATION_CONDITIONS = "DEBUG $(inherited)";
				SWIFT_OPTIMIZATION_LEVEL = "-Onone";
			};
			name = Debug;
		};
		2DD3AB422C01B604000902AA /* Release */ = {
			isa = XCBuildConfiguration;
			buildSettings = {
				ALWAYS_SEARCH_USER_PATHS = NO;
				ASSETCATALOG_COMPILER_GENERATE_SWIFT_ASSET_SYMBOL_EXTENSIONS = YES;
				CLANG_ANALYZER_NONNULL = YES;
				CLANG_ANALYZER_NUMBER_OBJECT_CONVERSION = YES_AGGRESSIVE;
				CLANG_CXX_LANGUAGE_STANDARD = "gnu++20";
				CLANG_ENABLE_MODULES = YES;
				CLANG_ENABLE_OBJC_ARC = YES;
				CLANG_ENABLE_OBJC_WEAK = YES;
				CLANG_WARN_BLOCK_CAPTURE_AUTORELEASING = YES;
				CLANG_WARN_BOOL_CONVERSION = YES;
				CLANG_WARN_COMMA = YES;
				CLANG_WARN_CONSTANT_CONVERSION = YES;
				CLANG_WARN_DEPRECATED_OBJC_IMPLEMENTATIONS = YES;
				CLANG_WARN_DIRECT_OBJC_ISA_USAGE = YES_ERROR;
				CLANG_WARN_DOCUMENTATION_COMMENTS = YES;
				CLANG_WARN_EMPTY_BODY = YES;
				CLANG_WARN_ENUM_CONVERSION = YES;
				CLANG_WARN_INFINITE_RECURSION = YES;
				CLANG_WARN_INT_CONVERSION = YES;
				CLANG_WARN_NON_LITERAL_NULL_CONVERSION = YES;
				CLANG_WARN_OBJC_IMPLICIT_RETAIN_SELF = YES;
				CLANG_WARN_OBJC_LITERAL_CONVERSION = YES;
				CLANG_WARN_OBJC_ROOT_CLASS = YES_ERROR;
				CLANG_WARN_QUOTED_INCLUDE_IN_FRAMEWORK_HEADER = YES;
				CLANG_WARN_RANGE_LOOP_ANALYSIS = YES;
				CLANG_WARN_STRICT_PROTOTYPES = YES;
				CLANG_WARN_SUSPICIOUS_MOVE = YES;
				CLANG_WARN_UNGUARDED_AVAILABILITY = YES_AGGRESSIVE;
				CLANG_WARN_UNREACHABLE_CODE = YES;
				CLANG_WARN__DUPLICATE_METHOD_MATCH = YES;
				COPY_PHASE_STRIP = NO;
				DEBUG_INFORMATION_FORMAT = "dwarf-with-dsym";
				ENABLE_NS_ASSERTIONS = NO;
				ENABLE_STRICT_OBJC_MSGSEND = YES;
				ENABLE_USER_SCRIPT_SANDBOXING = YES;
				GCC_C_LANGUAGE_STANDARD = gnu17;
				GCC_NO_COMMON_BLOCKS = YES;
				GCC_WARN_64_TO_32_BIT_CONVERSION = YES;
				GCC_WARN_ABOUT_RETURN_TYPE = YES_ERROR;
				GCC_WARN_UNDECLARED_SELECTOR = YES;
				GCC_WARN_UNINITIALIZED_AUTOS = YES_AGGRESSIVE;
				GCC_WARN_UNUSED_FUNCTION = YES;
				GCC_WARN_UNUSED_VARIABLE = YES;
				IPHONEOS_DEPLOYMENT_TARGET = 16.0;
				LOCALIZATION_PREFERS_STRING_CATALOGS = YES;
				MTL_ENABLE_DEBUG_INFO = NO;
				MTL_FAST_MATH = YES;
				SDKROOT = iphoneos;
				SWIFT_COMPILATION_MODE = wholemodule;
				VALIDATE_PRODUCT = YES;
			};
			name = Release;
		};
		2DD3AB442C01B604000902AA /* Debug */ = {
			isa = XCBuildConfiguration;
			buildSettings = {
				ALWAYS_EMBED_SWIFT_STANDARD_LIBRARIES = YES;
				ASSETCATALOG_COMPILER_APPICON_NAME = AppIcon;
				ASSETCATALOG_COMPILER_GLOBAL_ACCENT_COLOR_NAME = AccentColor;
				CODE_SIGN_STYLE = Automatic;
				CURRENT_PROJECT_VERSION = 1;
				DEVELOPMENT_ASSET_PATHS = "\"Do not disturb/Preview Content\"";
				DEVELOPMENT_TEAM = Q499TD2823;
				ENABLE_PREVIEWS = YES;
				GENERATE_INFOPLIST_FILE = YES;
				INFOPLIST_KEY_CFBundleDisplayName = "Do not disturb";
				INFOPLIST_KEY_UIApplicationSceneManifest_Generation = YES;
				INFOPLIST_KEY_UIApplicationSupportsIndirectInputEvents = YES;
				INFOPLIST_KEY_UILaunchScreen_Generation = YES;
				INFOPLIST_KEY_UISupportedInterfaceOrientations = "UIInterfaceOrientationLandscapeLeft UIInterfaceOrientationLandscapeRight UIInterfaceOrientationPortrait";
				INFOPLIST_KEY_UISupportedInterfaceOrientations_iPad = "UIInterfaceOrientationLandscapeLeft UIInterfaceOrientationLandscapeRight UIInterfaceOrientationPortrait UIInterfaceOrientationPortraitUpsideDown";
				LD_RUNPATH_SEARCH_PATHS = (
					"$(inherited)",
					"@executable_path/Frameworks",
				);
				MARKETING_VERSION = 1.0;
				PRODUCT_BUNDLE_IDENTIFIER = com.inputforge.dnd;
				PRODUCT_NAME = "$(TARGET_NAME)";
				SUPPORTED_PLATFORMS = "iphoneos iphonesimulator";
				SUPPORTS_MACCATALYST = NO;
				SUPPORTS_MAC_DESIGNED_FOR_IPHONE_IPAD = NO;
				SUPPORTS_XR_DESIGNED_FOR_IPHONE_IPAD = NO;
				SWIFT_EMIT_LOC_STRINGS = YES;
				SWIFT_VERSION = 5.0;
				TARGETED_DEVICE_FAMILY = 1;
			};
			name = Debug;
		};
		2DD3AB452C01B604000902AA /* Release */ = {
			isa = XCBuildConfiguration;
			buildSettings = {
				ALWAYS_EMBED_SWIFT_STANDARD_LIBRARIES = YES;
				ASSETCATALOG_COMPILER_APPICON_NAME = AppIcon;
				ASSETCATALOG_COMPILER_GLOBAL_ACCENT_COLOR_NAME = AccentColor;
				CODE_SIGN_STYLE = Automatic;
				CURRENT_PROJECT_VERSION = 1;
				DEVELOPMENT_ASSET_PATHS = "\"Do not disturb/Preview Content\"";
				DEVELOPMENT_TEAM = Q499TD2823;
				ENABLE_PREVIEWS = YES;
				GENERATE_INFOPLIST_FILE = YES;
				INFOPLIST_KEY_CFBundleDisplayName = "Do not disturb";
				INFOPLIST_KEY_UIApplicationSceneManifest_Generation = YES;
				INFOPLIST_KEY_UIApplicationSupportsIndirectInputEvents = YES;
				INFOPLIST_KEY_UILaunchScreen_Generation = YES;
				INFOPLIST_KEY_UISupportedInterfaceOrientations = "UIInterfaceOrientationLandscapeLeft UIInterfaceOrientationLandscapeRight UIInterfaceOrientationPortrait";
				INFOPLIST_KEY_UISupportedInterfaceOrientations_iPad = "UIInterfaceOrientationLandscapeLeft UIInterfaceOrientationLandscapeRight UIInterfaceOrientationPortrait UIInterfaceOrientationPortraitUpsideDown";
				LD_RUNPATH_SEARCH_PATHS = (
					"$(inherited)",
					"@executable_path/Frameworks",
				);
				MARKETING_VERSION = 1.0;
				PRODUCT_BUNDLE_IDENTIFIER = com.inputforge.dnd;
				PRODUCT_NAME = "$(TARGET_NAME)";
				SUPPORTED_PLATFORMS = "iphoneos iphonesimulator";
				SUPPORTS_MACCATALYST = NO;
				SUPPORTS_MAC_DESIGNED_FOR_IPHONE_IPAD = NO;
				SUPPORTS_XR_DESIGNED_FOR_IPHONE_IPAD = NO;
				SWIFT_EMIT_LOC_STRINGS = YES;
				SWIFT_VERSION = 5.0;
				TARGETED_DEVICE_FAMILY = 1;
			};
			name = Release;
		};
		2DD3AB562C01B6AD000902AA /* Debug */ = {
			isa = XCBuildConfiguration;
			buildSettings = {
				CODE_SIGN_STYLE = Automatic;
				CURRENT_PROJECT_VERSION = 1;
				DEVELOPMENT_TEAM = Q499TD2823;
				GENERATE_INFOPLIST_FILE = YES;
				INFOPLIST_FILE = "Do not disturb Extension/Info.plist";
				INFOPLIST_KEY_CFBundleDisplayName = "Do not disturb Extension";
				INFOPLIST_KEY_NSHumanReadableCopyright = "";
				LD_RUNPATH_SEARCH_PATHS = (
					"$(inherited)",
					"@executable_path/Frameworks",
					"@executable_path/../../Frameworks",
				);
				MARKETING_VERSION = 1.0;
				PRODUCT_BUNDLE_IDENTIFIER = "com.inputforge.dnd.DND-Report-Extension";
				PRODUCT_NAME = "$(TARGET_NAME)";
				SKIP_INSTALL = YES;
				SUPPORTED_PLATFORMS = "iphoneos iphonesimulator";
				SUPPORTS_MACCATALYST = NO;
				SUPPORTS_MAC_DESIGNED_FOR_IPHONE_IPAD = NO;
				SUPPORTS_XR_DESIGNED_FOR_IPHONE_IPAD = NO;
				SWIFT_EMIT_LOC_STRINGS = YES;
				SWIFT_VERSION = 5.0;
				TARGETED_DEVICE_FAMILY = 1;
			};
			name = Debug;
		};
		2DD3AB572C01B6AD000902AA /* Release */ = {
			isa = XCBuildConfiguration;
			buildSettings = {
				CODE_SIGN_STYLE = Automatic;
				CURRENT_PROJECT_VERSION = 1;
				DEVELOPMENT_TEAM = Q499TD2823;
				GENERATE_INFOPLIST_FILE = YES;
				INFOPLIST_FILE = "Do not disturb Extension/Info.plist";
				INFOPLIST_KEY_CFBundleDisplayName = "Do not disturb Extension";
				INFOPLIST_KEY_NSHumanReadableCopyright = "";
				LD_RUNPATH_SEARCH_PATHS = (
					"$(inherited)",
					"@executable_path/Frameworks",
					"@executable_path/../../Frameworks",
				);
				MARKETING_VERSION = 1.0;
				PRODUCT_BUNDLE_IDENTIFIER = "com.inputforge.dnd.DND-Report-Extension";
				PRODUCT_NAME = "$(TARGET_NAME)";
				SKIP_INSTALL = YES;
				SUPPORTED_PLATFORMS = "iphoneos iphonesimulator";
				SUPPORTS_MACCATALYST = NO;
				SUPPORTS_MAC_DESIGNED_FOR_IPHONE_IPAD = NO;
				SUPPORTS_XR_DESIGNED_FOR_IPHONE_IPAD = NO;
				SWIFT_EMIT_LOC_STRINGS = YES;
				SWIFT_VERSION = 5.0;
				TARGETED_DEVICE_FAMILY = 1;
			};
			name = Release;
		};
/* End XCBuildConfiguration section */

/* Begin XCConfigurationList section */
		2DD3AB302C01B603000902AA /* Build configuration list for PBXProject "Do not disturb" */ = {
			isa = XCConfigurationList;
			buildConfigurations = (
				2DD3AB412C01B604000902AA /* Debug */,
				2DD3AB422C01B604000902AA /* Release */,
			);
			defaultConfigurationIsVisible = 0;
			defaultConfigurationName = Release;
		};
		2DD3AB432C01B604000902AA /* Build configuration list for PBXNativeTarget "Do not disturb" */ = {
			isa = XCConfigurationList;
			buildConfigurations = (
				2DD3AB442C01B604000902AA /* Debug */,
				2DD3AB452C01B604000902AA /* Release */,
			);
			defaultConfigurationIsVisible = 0;
			defaultConfigurationName = Release;
		};
		2DD3AB552C01B6AD000902AA /* Build configuration list for PBXNativeTarget "Do not disturb Extension" */ = {
			isa = XCConfigurationList;
			buildConfigurations = (
				2DD3AB562C01B6AD000902AA /* Debug */,
				2DD3AB572C01B6AD000902AA /* Release */,
			);
			defaultConfigurationIsVisible = 0;
			defaultConfigurationName = Release;
		};
/* End XCConfigurationList section */
	};
	rootObject = 2DD3AB2D2C01B603000902AA /* Project object */;
}
